
Microsoft Visual Studio Solution File, Format Version 12.00
# Visual Studio Version 17
VisualStudioVersion = 17.3.32901.215
MinimumVisualStudioVersion = 10.0.40219.1
Project("{FAE04EC0-301F-11D3-BF4B-00C04F79EFBC}") = "001_Params", "001_Params.csproj", "{10E6C9A6-5DDA-4C67-B493-6B77CC800A6F}"
EndProject
Project("{FAE04EC0-301F-11D3-BF4B-00C04F79EFBC}") = "002_Recursion", "..\002_Recursion\002_Recursion.csproj", "{C7BE83A8-C51A-48F8-A831-3B086D8EAEE2}"
EndProject
Project("{FAE04EC0-301F-11D3-BF4B-00C04F79EFBC}") = "003_enum", "..\003_enum\003_enum.csproj", "{A76F1388-013F-4C98-9F68-37A9F84826A2}"
EndProject
Project("{FAE04EC0-301F-11D3-BF4B-00C04F79EFBC}") = "004_Structures", "..\004_Structures\004_Structures.csproj", "{DEFDF8E8-859A-407C-83BA-2C281FC64961}"
EndProject
Project("{FAE04EC0-301F-11D3-BF4B-00C04F79EFBC}") = "005_tuples", "..\005_tuples\005_tuples.csproj", "{DF153FB1-1598-4F63-AF62-03D48E5CFDD2}"
EndProject
Project("{FAE04EC0-301F-11D3-BF4B-00C04F79EFBC}") = "006_Exceptions", "..\006_Exceptions\006_Exceptions.csproj", "{C4F10777-8472-4D8E-A70C-8B5975C9753E}"
EndProject
Project("{FAE04EC0-301F-11D3-BF4B-00C04F79EFBC}") = "007_Variables_links", "..\007_Variables_links\007_Variables_links.csproj", "{3B641B98-4BF2-406F-93F4-A2C9DB4A7050}"
EndProject
Project("{FAE04EC0-301F-11D3-BF4B-00C04F79EFBC}") = "008_Classes", "..\008_Classes\008_Classes.csproj", "{51C124BC-FBCA-4B69-A6D4-92CDA9C15E3C}"
EndProject
Project("{FAE04EC0-301F-11D3-BF4B-00C04F79EFBC}") = "009_Classes_objects", "..\009_Classes_objects\009_Classes_objects.csproj", "{0BB656D6-55C3-4209-A3D2-A78FDB84480C}"
EndProject
Project("{FAE04EC0-301F-11D3-BF4B-00C04F79EFBC}") = "010_access_modifiers", "..\010_access_modifiers\010_access_modifiers.csproj", "{92E398D9-2883-47AA-BC82-04D69C1BAEA4}"
EndProject
Project("{FAE04EC0-301F-11D3-BF4B-00C04F79EFBC}") = "Accounts", "..\Accounts\Accounts.csproj", "{476E3D6F-5A22-4C3F-9006-78990ED5BC55}"
EndProject
Project("{FAE04EC0-301F-11D3-BF4B-00C04F79EFBC}") = "011_properties", "..\011_properties\011_properties.csproj", "{7E11CFCA-2B7E-45A8-8357-F2FAD8E98732}"
EndProject
Project("{FAE04EC0-301F-11D3-BF4B-00C04F79EFBC}") = "012_Methods(overloading)", "..\012_Methods(overloading)\012_Methods(overloading).csproj", "{532CE401-183C-40D2-A3F0-0337B416D779}"
EndProject
Project("{FAE04EC0-301F-11D3-BF4B-00C04F79EFBC}") = "013_Static_Classes", "..\013_Static_Classes\013_Static_Classes.csproj", "{0B991680-D489-4925-A7EB-B20E83B82C22}"
EndProject
Project("{FAE04EC0-301F-11D3-BF4B-00C04F79EFBC}") = "014_Operator_overload", "..\014_Operator_overload\014_Operator_overload.csproj", "{2CCD00D2-4FD2-43C4-96F0-B82DB034440D}"
EndProject
Project("{FAE04EC0-301F-11D3-BF4B-00C04F79EFBC}") = "015_Type_Conversion", "..\015_Type_Conversion\015_Type_Conversion.csproj", "{054231FA-A2F5-45D2-83C4-D60B4E94C425}"
EndProject
Project("{FAE04EC0-301F-11D3-BF4B-00C04F79EFBC}") = "016_Inheritance", "..\015_inheritance\016_Inheritance.csproj", "{A54F2DC2-A5D6-4E43-8CA6-6F6DCB925CD3}"
EndProject
Project("{FAE04EC0-301F-11D3-BF4B-00C04F79EFBC}") = "017_Polymorphism1", "..\017_Polymorphism\017_Polymorphism1.csproj", "{9C14CA7D-D1CB-4F0A-8708-C88DE76D4FFA}"
EndProject
Project("{FAE04EC0-301F-11D3-BF4B-00C04F79EFBC}") = "017_Polymorphism2", "..\017_Polymorphism2\017_Polymorphism2.csproj", "{F3EFB5E4-563A-4199-9182-46B5534B8D54}"
EndProject
Project("{FAE04EC0-301F-11D3-BF4B-00C04F79EFBC}") = "017_Polymorphism3", "..\017_Polimorphism3\017_Polymorphism3.csproj", "{B7E813DA-63E2-44E4-A730-5590EB96EDF6}"
EndProject
Project("{FAE04EC0-301F-11D3-BF4B-00C04F79EFBC}") = "018_Abstraction", "..\018_Abstraction\018_Abstraction.csproj", "{ADE2B419-C043-45E3-85B3-A7FA35A90CA8}"
EndProject
Project("{FAE04EC0-301F-11D3-BF4B-00C04F79EFBC}") = "019_Abstarct_method", "..\019_Abstarct_method\019_Abstarct_method.csproj", "{A497B622-CA8F-4C13-96BA-8431A79CEBB2}"
EndProject
Project("{FAE04EC0-301F-11D3-BF4B-00C04F79EFBC}") = "020_Generics", "..\020_Generics\020_Generics.csproj", "{97B110F8-844D-47E3-848C-B120A7B07E7A}"
EndProject
Global
	GlobalSection(SolutionConfigurationPlatforms) = preSolution
		Debug|Any CPU = Debug|Any CPU
		Release|Any CPU = Release|Any CPU
	EndGlobalSection
	GlobalSection(ProjectConfigurationPlatforms) = postSolution
		{10E6C9A6-5DDA-4C67-B493-6B77CC800A6F}.Debug|Any CPU.ActiveCfg = Debug|Any CPU
		{10E6C9A6-5DDA-4C67-B493-6B77CC800A6F}.Debug|Any CPU.Build.0 = Debug|Any CPU
		{10E6C9A6-5DDA-4C67-B493-6B77CC800A6F}.Release|Any CPU.ActiveCfg = Release|Any CPU
		{10E6C9A6-5DDA-4C67-B493-6B77CC800A6F}.Release|Any CPU.Build.0 = Release|Any CPU
		{C7BE83A8-C51A-48F8-A831-3B086D8EAEE2}.Debug|Any CPU.ActiveCfg = Debug|Any CPU
		{C7BE83A8-C51A-48F8-A831-3B086D8EAEE2}.Debug|Any CPU.Build.0 = Debug|Any CPU
		{C7BE83A8-C51A-48F8-A831-3B086D8EAEE2}.Release|Any CPU.ActiveCfg = Release|Any CPU
		{C7BE83A8-C51A-48F8-A831-3B086D8EAEE2}.Release|Any CPU.Build.0 = Release|Any CPU
		{A76F1388-013F-4C98-9F68-37A9F84826A2}.Debug|Any CPU.ActiveCfg = Debug|Any CPU
		{A76F1388-013F-4C98-9F68-37A9F84826A2}.Debug|Any CPU.Build.0 = Debug|Any CPU
		{A76F1388-013F-4C98-9F68-37A9F84826A2}.Release|Any CPU.ActiveCfg = Release|Any CPU
		{A76F1388-013F-4C98-9F68-37A9F84826A2}.Release|Any CPU.Build.0 = Release|Any CPU
		{DEFDF8E8-859A-407C-83BA-2C281FC64961}.Debug|Any CPU.ActiveCfg = Debug|Any CPU
		{DEFDF8E8-859A-407C-83BA-2C281FC64961}.Debug|Any CPU.Build.0 = Debug|Any CPU
		{DEFDF8E8-859A-407C-83BA-2C281FC64961}.Release|Any CPU.ActiveCfg = Release|Any CPU
		{DEFDF8E8-859A-407C-83BA-2C281FC64961}.Release|Any CPU.Build.0 = Release|Any CPU
		{DF153FB1-1598-4F63-AF62-03D48E5CFDD2}.Debug|Any CPU.ActiveCfg = Debug|Any CPU
		{DF153FB1-1598-4F63-AF62-03D48E5CFDD2}.Debug|Any CPU.Build.0 = Debug|Any CPU
		{DF153FB1-1598-4F63-AF62-03D48E5CFDD2}.Release|Any CPU.ActiveCfg = Release|Any CPU
		{DF153FB1-1598-4F63-AF62-03D48E5CFDD2}.Release|Any CPU.Build.0 = Release|Any CPU
		{C4F10777-8472-4D8E-A70C-8B5975C9753E}.Debug|Any CPU.ActiveCfg = Debug|Any CPU
		{C4F10777-8472-4D8E-A70C-8B5975C9753E}.Debug|Any CPU.Build.0 = Debug|Any CPU
		{C4F10777-8472-4D8E-A70C-8B5975C9753E}.Release|Any CPU.ActiveCfg = Release|Any CPU
		{C4F10777-8472-4D8E-A70C-8B5975C9753E}.Release|Any CPU.Build.0 = Release|Any CPU
		{3B641B98-4BF2-406F-93F4-A2C9DB4A7050}.Debug|Any CPU.ActiveCfg = Debug|Any CPU
		{3B641B98-4BF2-406F-93F4-A2C9DB4A7050}.Debug|Any CPU.Build.0 = Debug|Any CPU
		{3B641B98-4BF2-406F-93F4-A2C9DB4A7050}.Release|Any CPU.ActiveCfg = Release|Any CPU
		{3B641B98-4BF2-406F-93F4-A2C9DB4A7050}.Release|Any CPU.Build.0 = Release|Any CPU
		{51C124BC-FBCA-4B69-A6D4-92CDA9C15E3C}.Debug|Any CPU.ActiveCfg = Debug|Any CPU
		{51C124BC-FBCA-4B69-A6D4-92CDA9C15E3C}.Debug|Any CPU.Build.0 = Debug|Any CPU
		{51C124BC-FBCA-4B69-A6D4-92CDA9C15E3C}.Release|Any CPU.ActiveCfg = Release|Any CPU
		{51C124BC-FBCA-4B69-A6D4-92CDA9C15E3C}.Release|Any CPU.Build.0 = Release|Any CPU
		{0BB656D6-55C3-4209-A3D2-A78FDB84480C}.Debug|Any CPU.ActiveCfg = Debug|Any CPU
		{0BB656D6-55C3-4209-A3D2-A78FDB84480C}.Debug|Any CPU.Build.0 = Debug|Any CPU
		{0BB656D6-55C3-4209-A3D2-A78FDB84480C}.Release|Any CPU.ActiveCfg = Release|Any CPU
		{0BB656D6-55C3-4209-A3D2-A78FDB84480C}.Release|Any CPU.Build.0 = Release|Any CPU
		{92E398D9-2883-47AA-BC82-04D69C1BAEA4}.Debug|Any CPU.ActiveCfg = Debug|Any CPU
		{92E398D9-2883-47AA-BC82-04D69C1BAEA4}.Debug|Any CPU.Build.0 = Debug|Any CPU
		{92E398D9-2883-47AA-BC82-04D69C1BAEA4}.Release|Any CPU.ActiveCfg = Release|Any CPU
		{92E398D9-2883-47AA-BC82-04D69C1BAEA4}.Release|Any CPU.Build.0 = Release|Any CPU
		{476E3D6F-5A22-4C3F-9006-78990ED5BC55}.Debug|Any CPU.ActiveCfg = Debug|Any CPU
		{476E3D6F-5A22-4C3F-9006-78990ED5BC55}.Debug|Any CPU.Build.0 = Debug|Any CPU
		{476E3D6F-5A22-4C3F-9006-78990ED5BC55}.Release|Any CPU.ActiveCfg = Release|Any CPU
		{476E3D6F-5A22-4C3F-9006-78990ED5BC55}.Release|Any CPU.Build.0 = Release|Any CPU
		{7E11CFCA-2B7E-45A8-8357-F2FAD8E98732}.Debug|Any CPU.ActiveCfg = Debug|Any CPU
		{7E11CFCA-2B7E-45A8-8357-F2FAD8E98732}.Debug|Any CPU.Build.0 = Debug|Any CPU
		{7E11CFCA-2B7E-45A8-8357-F2FAD8E98732}.Release|Any CPU.ActiveCfg = Release|Any CPU
		{7E11CFCA-2B7E-45A8-8357-F2FAD8E98732}.Release|Any CPU.Build.0 = Release|Any CPU
		{532CE401-183C-40D2-A3F0-0337B416D779}.Debug|Any CPU.ActiveCfg = Debug|Any CPU
		{532CE401-183C-40D2-A3F0-0337B416D779}.Debug|Any CPU.Build.0 = Debug|Any CPU
		{532CE401-183C-40D2-A3F0-0337B416D779}.Release|Any CPU.ActiveCfg = Release|Any CPU
		{532CE401-183C-40D2-A3F0-0337B416D779}.Release|Any CPU.Build.0 = Release|Any CPU
		{0B991680-D489-4925-A7EB-B20E83B82C22}.Debug|Any CPU.ActiveCfg = Debug|Any CPU
		{0B991680-D489-4925-A7EB-B20E83B82C22}.Debug|Any CPU.Build.0 = Debug|Any CPU
		{0B991680-D489-4925-A7EB-B20E83B82C22}.Release|Any CPU.ActiveCfg = Release|Any CPU
		{0B991680-D489-4925-A7EB-B20E83B82C22}.Release|Any CPU.Build.0 = Release|Any CPU
		{2CCD00D2-4FD2-43C4-96F0-B82DB034440D}.Debug|Any CPU.ActiveCfg = Debug|Any CPU
		{2CCD00D2-4FD2-43C4-96F0-B82DB034440D}.Debug|Any CPU.Build.0 = Debug|Any CPU
		{2CCD00D2-4FD2-43C4-96F0-B82DB034440D}.Release|Any CPU.ActiveCfg = Release|Any CPU
		{2CCD00D2-4FD2-43C4-96F0-B82DB034440D}.Release|Any CPU.Build.0 = Release|Any CPU
		{054231FA-A2F5-45D2-83C4-D60B4E94C425}.Debug|Any CPU.ActiveCfg = Debug|Any CPU
		{054231FA-A2F5-45D2-83C4-D60B4E94C425}.Debug|Any CPU.Build.0 = Debug|Any CPU
		{054231FA-A2F5-45D2-83C4-D60B4E94C425}.Release|Any CPU.ActiveCfg = Release|Any CPU
		{054231FA-A2F5-45D2-83C4-D60B4E94C425}.Release|Any CPU.Build.0 = Release|Any CPU
		{A54F2DC2-A5D6-4E43-8CA6-6F6DCB925CD3}.Debug|Any CPU.ActiveCfg = Debug|Any CPU
		{A54F2DC2-A5D6-4E43-8CA6-6F6DCB925CD3}.Debug|Any CPU.Build.0 = Debug|Any CPU
		{A54F2DC2-A5D6-4E43-8CA6-6F6DCB925CD3}.Release|Any CPU.ActiveCfg = Release|Any CPU
		{A54F2DC2-A5D6-4E43-8CA6-6F6DCB925CD3}.Release|Any CPU.Build.0 = Release|Any CPU
		{9C14CA7D-D1CB-4F0A-8708-C88DE76D4FFA}.Debug|Any CPU.ActiveCfg = Debug|Any CPU
		{9C14CA7D-D1CB-4F0A-8708-C88DE76D4FFA}.Debug|Any CPU.Build.0 = Debug|Any CPU
		{9C14CA7D-D1CB-4F0A-8708-C88DE76D4FFA}.Release|Any CPU.ActiveCfg = Release|Any CPU
		{9C14CA7D-D1CB-4F0A-8708-C88DE76D4FFA}.Release|Any CPU.Build.0 = Release|Any CPU
		{F3EFB5E4-563A-4199-9182-46B5534B8D54}.Debug|Any CPU.ActiveCfg = Debug|Any CPU
		{F3EFB5E4-563A-4199-9182-46B5534B8D54}.Debug|Any CPU.Build.0 = Debug|Any CPU
		{F3EFB5E4-563A-4199-9182-46B5534B8D54}.Release|Any CPU.ActiveCfg = Release|Any CPU
		{F3EFB5E4-563A-4199-9182-46B5534B8D54}.Release|Any CPU.Build.0 = Release|Any CPU
		{B7E813DA-63E2-44E4-A730-5590EB96EDF6}.Debug|Any CPU.ActiveCfg = Debug|Any CPU
		{B7E813DA-63E2-44E4-A730-5590EB96EDF6}.Debug|Any CPU.Build.0 = Debug|Any CPU
		{B7E813DA-63E2-44E4-A730-5590EB96EDF6}.Release|Any CPU.ActiveCfg = Release|Any CPU
		{B7E813DA-63E2-44E4-A730-5590EB96EDF6}.Release|Any CPU.Build.0 = Release|Any CPU
		{ADE2B419-C043-45E3-85B3-A7FA35A90CA8}.Debug|Any CPU.ActiveCfg = Debug|Any CPU
		{ADE2B419-C043-45E3-85B3-A7FA35A90CA8}.Debug|Any CPU.Build.0 = Debug|Any CPU
		{ADE2B419-C043-45E3-85B3-A7FA35A90CA8}.Release|Any CPU.ActiveCfg = Release|Any CPU
		{ADE2B419-C043-45E3-85B3-A7FA35A90CA8}.Release|Any CPU.Build.0 = Release|Any CPU
		{A497B622-CA8F-4C13-96BA-8431A79CEBB2}.Debug|Any CPU.ActiveCfg = Debug|Any CPU
		{A497B622-CA8F-4C13-96BA-8431A79CEBB2}.Debug|Any CPU.Build.0 = Debug|Any CPU
		{A497B622-CA8F-4C13-96BA-8431A79CEBB2}.Release|Any CPU.ActiveCfg = Release|Any CPU
		{A497B622-CA8F-4C13-96BA-8431A79CEBB2}.Release|Any CPU.Build.0 = Release|Any CPU
		{97B110F8-844D-47E3-848C-B120A7B07E7A}.Debug|Any CPU.ActiveCfg = Debug|Any CPU
		{97B110F8-844D-47E3-848C-B120A7B07E7A}.Debug|Any CPU.Build.0 = Debug|Any CPU
		{97B110F8-844D-47E3-848C-B120A7B07E7A}.Release|Any CPU.ActiveCfg = Release|Any CPU
		{97B110F8-844D-47E3-848C-B120A7B07E7A}.Release|Any CPU.Build.0 = Release|Any CPU
	EndGlobalSection
	GlobalSection(SolutionProperties) = preSolution
		HideSolutionNode = FALSE
	EndGlobalSection
	GlobalSection(ExtensibilityGlobals) = postSolution
		SolutionGuid = {9A9EF3F0-D26A-4F9E-A309-BE54AE353788}
	EndGlobalSection
EndGlobal
