
Microsoft Visual Studio Solution File, Format Version 12.00
# Visual Studio Version 17
VisualStudioVersion = 17.3.32901.215
MinimumVisualStudioVersion = 10.0.40219.1
Project("{FAE04EC0-301F-11D3-BF4B-00C04F79EFBC}") = "Simple code (Globalisation)", "Simple code (Globalisation).csproj", "{ABFB360D-BBC4-49D4-BAB9-A02446E08F3F}"
EndProject
Global
	GlobalSection(SolutionConfigurationPlatforms) = preSolution
		Debug|Any CPU = Debug|Any CPU
		Release|Any CPU = Release|Any CPU
	EndGlobalSection
	GlobalSection(ProjectConfigurationPlatforms) = postSolution
		{ABFB360D-BBC4-49D4-BAB9-A02446E08F3F}.Debug|Any CPU.ActiveCfg = Debug|Any CPU
		{ABFB360D-BBC4-49D4-BAB9-A02446E08F3F}.Debug|Any CPU.Build.0 = Debug|Any CPU
		{ABFB360D-BBC4-49D4-BAB9-A02446E08F3F}.Release|Any CPU.ActiveCfg = Release|Any CPU
		{ABFB360D-BBC4-49D4-BAB9-A02446E08F3F}.Release|Any CPU.Build.0 = Release|Any CPU
	EndGlobalSection
	GlobalSection(SolutionProperties) = preSolution
		HideSolutionNode = FALSE
	EndGlobalSection
	GlobalSection(ExtensibilityGlobals) = postSolution
		SolutionGuid = {FDAE1894-4F65-4473-A0B9-B491FB4DECDF}
	EndGlobalSection
EndGlobal
